// !$*UTF8*$!
{
	archiveVersion = 1;
	classes = {
	};
	objectVersion = 46;
	objects = {

/* Begin PBXBuildFile section */
		09A359F2DD77EE40115DA865 /* libPods-LPDebugDemo.a in Frameworks */ = {isa = PBXBuildFile; fileRef = 52C6C43402F79059CF618A12 /* libPods-LPDebugDemo.a */; };
		AF0C0E011C98F36A002CFF28 /* LPTransformViewController.m in Sources */ = {isa = PBXBuildFile; fileRef = AF0C0E001C98F36A002CFF28 /* LPTransformViewController.m */; };
		AF1968801C2AAD5F00599D19 /* main.m in Sources */ = {isa = PBXBuildFile; fileRef = AF19687F1C2AAD5F00599D19 /* main.m */; };
		AF1968831C2AAD5F00599D19 /* AppDelegate.m in Sources */ = {isa = PBXBuildFile; fileRef = AF1968821C2AAD5F00599D19 /* AppDelegate.m */; };
		AF1968861C2AAD5F00599D19 /* ViewController.m in Sources */ = {isa = PBXBuildFile; fileRef = AF1968851C2AAD5F00599D19 /* ViewController.m */; };
		AF19688B1C2AAD5F00599D19 /* Assets.xcassets in Resources */ = {isa = PBXBuildFile; fileRef = AF19688A1C2AAD5F00599D19 /* Assets.xcassets */; };
		AF7B6CAE1C2AB29C00EAC088 /* LPAssistiveTouch.m in Sources */ = {isa = PBXBuildFile; fileRef = AF7B6CA91C2AB29C00EAC088 /* LPAssistiveTouch.m */; };
		AFC4CA631C3E2AC7007FB460 /* LPATRootNavigationController.m in Sources */ = {isa = PBXBuildFile; fileRef = AFC4CA621C3E2AC7007FB460 /* LPATRootNavigationController.m */; };
		AFCA564F1C964F5100AE5F18 /* APNS.png in Resources */ = {isa = PBXBuildFile; fileRef = AFCA564C1C964F5100AE5F18 /* APNS.png */; };
		AFCA56501C964F5100AE5F18 /* NSLog.png in Resources */ = {isa = PBXBuildFile; fileRef = AFCA564D1C964F5100AE5F18 /* NSLog.png */; };
		AFCA56511C964F5100AE5F18 /* Transform.png in Resources */ = {isa = PBXBuildFile; fileRef = AFCA564E1C964F5100AE5F18 /* Transform.png */; };
		AFFCC5141C4242940087F02F /* LPATItemView.m in Sources */ = {isa = PBXBuildFile; fileRef = AFFCC50D1C4242940087F02F /* LPATItemView.m */; };
		AFFCC5151C4242940087F02F /* LPATNavigationController.m in Sources */ = {isa = PBXBuildFile; fileRef = AFFCC50F1C4242940087F02F /* LPATNavigationController.m */; };
		AFFCC5161C4242940087F02F /* LPATPosition.m in Sources */ = {isa = PBXBuildFile; fileRef = AFFCC5111C4242940087F02F /* LPATPosition.m */; };
		AFFCC5171C4242940087F02F /* LPATViewController.m in Sources */ = {isa = PBXBuildFile; fileRef = AFFCC5131C4242940087F02F /* LPATViewController.m */; };
		AFFCC51A1C42ADA10087F02F /* LPATRootViewController.m in Sources */ = {isa = PBXBuildFile; fileRef = AFFCC5191C42ADA10087F02F /* LPATRootViewController.m */; };
		AFFF7BFC1C97904D00AC618D /* LPDebug.m in Sources */ = {isa = PBXBuildFile; fileRef = AFFF7BFB1C97904D00AC618D /* LPDebug.m */; };
/* End PBXBuildFile section */

/* Begin PBXFileReference section */
		0B5A8585BC64F3AFA36F0FF5 /* Pods-LPDebugDemo.debug.xcconfig */ = {isa = PBXFileReference; includeInIndex = 1; lastKnownFileType = text.xcconfig; name = "Pods-LPDebugDemo.debug.xcconfig"; path = "Pods/Target Support Files/Pods-LPDebugDemo/Pods-LPDebugDemo.debug.xcconfig"; sourceTree = "<group>"; };
		2BC9E8A8F7660B0963F50701 /* Pods-LPDebugDemo.release.xcconfig */ = {isa = PBXFileReference; includeInIndex = 1; lastKnownFileType = text.xcconfig; name = "Pods-LPDebugDemo.release.xcconfig"; path = "Pods/Target Support Files/Pods-LPDebugDemo/Pods-LPDebugDemo.release.xcconfig"; sourceTree = "<group>"; };
		52C6C43402F79059CF618A12 /* libPods-LPDebugDemo.a */ = {isa = PBXFileReference; explicitFileType = archive.ar; includeInIndex = 0; path = "libPods-LPDebugDemo.a"; sourceTree = BUILT_PRODUCTS_DIR; };
		AF0C0DFF1C98F36A002CFF28 /* LPTransformViewController.h */ = {isa = PBXFileReference; fileEncoding = 4; lastKnownFileType = sourcecode.c.h; path = LPTransformViewController.h; sourceTree = "<group>"; };
		AF0C0E001C98F36A002CFF28 /* LPTransformViewController.m */ = {isa = PBXFileReference; fileEncoding = 4; lastKnownFileType = sourcecode.c.objc; path = LPTransformViewController.m; sourceTree = "<group>"; };
		AF19687B1C2AAD5F00599D19 /* LPDebugDemo.app */ = {isa = PBXFileReference; explicitFileType = wrapper.application; includeInIndex = 0; path = LPDebugDemo.app; sourceTree = BUILT_PRODUCTS_DIR; };
		AF19687F1C2AAD5F00599D19 /* main.m */ = {isa = PBXFileReference; lastKnownFileType = sourcecode.c.objc; path = main.m; sourceTree = "<group>"; };
		AF1968811C2AAD5F00599D19 /* AppDelegate.h */ = {isa = PBXFileReference; lastKnownFileType = sourcecode.c.h; path = AppDelegate.h; sourceTree = "<group>"; };
		AF1968821C2AAD5F00599D19 /* AppDelegate.m */ = {isa = PBXFileReference; lastKnownFileType = sourcecode.c.objc; path = AppDelegate.m; sourceTree = "<group>"; };
		AF1968841C2AAD5F00599D19 /* ViewController.h */ = {isa = PBXFileReference; lastKnownFileType = sourcecode.c.h; path = ViewController.h; sourceTree = "<group>"; };
		AF1968851C2AAD5F00599D19 /* ViewController.m */ = {isa = PBXFileReference; lastKnownFileType = sourcecode.c.objc; path = ViewController.m; sourceTree = "<group>"; };
		AF19688A1C2AAD5F00599D19 /* Assets.xcassets */ = {isa = PBXFileReference; lastKnownFileType = folder.assetcatalog; path = Assets.xcassets; sourceTree = "<group>"; };
		AF19688F1C2AAD5F00599D19 /* Info.plist */ = {isa = PBXFileReference; lastKnownFileType = text.plist.xml; path = Info.plist; sourceTree = "<group>"; };
		AF7B6CA81C2AB29C00EAC088 /* LPAssistiveTouch.h */ = {isa = PBXFileReference; fileEncoding = 4; lastKnownFileType = sourcecode.c.h; path = LPAssistiveTouch.h; sourceTree = "<group>"; };
		AF7B6CA91C2AB29C00EAC088 /* LPAssistiveTouch.m */ = {isa = PBXFileReference; fileEncoding = 4; lastKnownFileType = sourcecode.c.objc; path = LPAssistiveTouch.m; sourceTree = "<group>"; };
		AFC4CA611C3E2AC7007FB460 /* LPATRootNavigationController.h */ = {isa = PBXFileReference; fileEncoding = 4; lastKnownFileType = sourcecode.c.h; path = LPATRootNavigationController.h; sourceTree = "<group>"; };
		AFC4CA621C3E2AC7007FB460 /* LPATRootNavigationController.m */ = {isa = PBXFileReference; fileEncoding = 4; lastKnownFileType = sourcecode.c.objc; path = LPATRootNavigationController.m; sourceTree = "<group>"; };
		AFCA564C1C964F5100AE5F18 /* APNS.png */ = {isa = PBXFileReference; lastKnownFileType = image.png; path = APNS.png; sourceTree = "<group>"; };
		AFCA564D1C964F5100AE5F18 /* NSLog.png */ = {isa = PBXFileReference; lastKnownFileType = image.png; path = NSLog.png; sourceTree = "<group>"; };
		AFCA564E1C964F5100AE5F18 /* Transform.png */ = {isa = PBXFileReference; lastKnownFileType = image.png; path = Transform.png; sourceTree = "<group>"; };
		AFFCC50C1C4242940087F02F /* LPATItemView.h */ = {isa = PBXFileReference; fileEncoding = 4; lastKnownFileType = sourcecode.c.h; path = LPATItemView.h; sourceTree = "<group>"; };
		AFFCC50D1C4242940087F02F /* LPATItemView.m */ = {isa = PBXFileReference; fileEncoding = 4; lastKnownFileType = sourcecode.c.objc; path = LPATItemView.m; sourceTree = "<group>"; };
		AFFCC50E1C4242940087F02F /* LPATNavigationController.h */ = {isa = PBXFileReference; fileEncoding = 4; lastKnownFileType = sourcecode.c.h; path = LPATNavigationController.h; sourceTree = "<group>"; };
		AFFCC50F1C4242940087F02F /* LPATNavigationController.m */ = {isa = PBXFileReference; fileEncoding = 4; lastKnownFileType = sourcecode.c.objc; path = LPATNavigationController.m; sourceTree = "<group>"; };
		AFFCC5101C4242940087F02F /* LPATPosition.h */ = {isa = PBXFileReference; fileEncoding = 4; lastKnownFileType = sourcecode.c.h; path = LPATPosition.h; sourceTree = "<group>"; };
		AFFCC5111C4242940087F02F /* LPATPosition.m */ = {isa = PBXFileReference; fileEncoding = 4; lastKnownFileType = sourcecode.c.objc; path = LPATPosition.m; sourceTree = "<group>"; };
		AFFCC5121C4242940087F02F /* LPATViewController.h */ = {isa = PBXFileReference; fileEncoding = 4; lastKnownFileType = sourcecode.c.h; path = LPATViewController.h; sourceTree = "<group>"; };
		AFFCC5131C4242940087F02F /* LPATViewController.m */ = {isa = PBXFileReference; fileEncoding = 4; lastKnownFileType = sourcecode.c.objc; path = LPATViewController.m; sourceTree = "<group>"; };
		AFFCC5181C42ADA10087F02F /* LPATRootViewController.h */ = {isa = PBXFileReference; fileEncoding = 4; lastKnownFileType = sourcecode.c.h; path = LPATRootViewController.h; sourceTree = "<group>"; };
		AFFCC5191C42ADA10087F02F /* LPATRootViewController.m */ = {isa = PBXFileReference; fileEncoding = 4; lastKnownFileType = sourcecode.c.objc; path = LPATRootViewController.m; sourceTree = "<group>"; };
		AFFF7BFA1C97904D00AC618D /* LPDebug.h */ = {isa = PBXFileReference; fileEncoding = 4; lastKnownFileType = sourcecode.c.h; path = LPDebug.h; sourceTree = "<group>"; };
		AFFF7BFB1C97904D00AC618D /* LPDebug.m */ = {isa = PBXFileReference; fileEncoding = 4; lastKnownFileType = sourcecode.c.objc; path = LPDebug.m; sourceTree = "<group>"; };
/* End PBXFileReference section */

/* Begin PBXFrameworksBuildPhase section */
		AF1968781C2AAD5F00599D19 /* Frameworks */ = {
			isa = PBXFrameworksBuildPhase;
			buildActionMask = 2147483647;
			files = (
				09A359F2DD77EE40115DA865 /* libPods-LPDebugDemo.a in Frameworks */,
			);
			runOnlyForDeploymentPostprocessing = 0;
		};
/* End PBXFrameworksBuildPhase section */

/* Begin PBXGroup section */
		7D8AE0394210534FFE80C66B /* Pods */ = {
			isa = PBXGroup;
			children = (
				0B5A8585BC64F3AFA36F0FF5 /* Pods-LPDebugDemo.debug.xcconfig */,
				2BC9E8A8F7660B0963F50701 /* Pods-LPDebugDemo.release.xcconfig */,
			);
			name = Pods;
			sourceTree = "<group>";
		};
		932BDE137A304101E66E62B9 /* Frameworks */ = {
			isa = PBXGroup;
			children = (
				52C6C43402F79059CF618A12 /* libPods-LPDebugDemo.a */,
			);
			name = Frameworks;
			sourceTree = "<group>";
		};
		AF1968721C2AAD5F00599D19 = {
			isa = PBXGroup;
			children = (
				AF7B6CA61C2AB25C00EAC088 /* LPDebug */,
				AF19687D1C2AAD5F00599D19 /* LPDebugDemo */,
				AF19687C1C2AAD5F00599D19 /* Products */,
				7D8AE0394210534FFE80C66B /* Pods */,
				932BDE137A304101E66E62B9 /* Frameworks */,
			);
			sourceTree = "<group>";
		};
		AF19687C1C2AAD5F00599D19 /* Products */ = {
			isa = PBXGroup;
			children = (
				AF19687B1C2AAD5F00599D19 /* LPDebugDemo.app */,
			);
			name = Products;
			sourceTree = "<group>";
		};
		AF19687D1C2AAD5F00599D19 /* LPDebugDemo */ = {
			isa = PBXGroup;
			children = (
				AF1968811C2AAD5F00599D19 /* AppDelegate.h */,
				AF1968821C2AAD5F00599D19 /* AppDelegate.m */,
				AF1968841C2AAD5F00599D19 /* ViewController.h */,
				AF1968851C2AAD5F00599D19 /* ViewController.m */,
				AF19688A1C2AAD5F00599D19 /* Assets.xcassets */,
				AF19688F1C2AAD5F00599D19 /* Info.plist */,
				AF19687E1C2AAD5F00599D19 /* Supporting Files */,
			);
			path = LPDebugDemo;
			sourceTree = "<group>";
		};
		AF19687E1C2AAD5F00599D19 /* Supporting Files */ = {
			isa = PBXGroup;
			children = (
				AF19687F1C2AAD5F00599D19 /* main.m */,
			);
			name = "Supporting Files";
			sourceTree = "<group>";
		};
		AF7B6CA61C2AB25C00EAC088 /* LPDebug */ = {
			isa = PBXGroup;
			children = (
				AFCA564B1C964F5100AE5F18 /* Images */,
				AF7B6CA71C2AB29C00EAC088 /* LPAssistiveTouch */,
				AF0C0DFF1C98F36A002CFF28 /* LPTransformViewController.h */,
				AF0C0E001C98F36A002CFF28 /* LPTransformViewController.m */,
				AFFF7BFA1C97904D00AC618D /* LPDebug.h */,
				AFFF7BFB1C97904D00AC618D /* LPDebug.m */,
			);
			name = LPDebug;
			path = ../LPDebug;
			sourceTree = "<group>";
		};
		AF7B6CA71C2AB29C00EAC088 /* LPAssistiveTouch */ = {
			isa = PBXGroup;
			children = (
				AFFCC5101C4242940087F02F /* LPATPosition.h */,
				AFFCC5111C4242940087F02F /* LPATPosition.m */,
				AFFCC50C1C4242940087F02F /* LPATItemView.h */,
				AFFCC50D1C4242940087F02F /* LPATItemView.m */,
				AFFCC5121C4242940087F02F /* LPATViewController.h */,
				AFFCC5131C4242940087F02F /* LPATViewController.m */,
				AFFCC50E1C4242940087F02F /* LPATNavigationController.h */,
				AFFCC50F1C4242940087F02F /* LPATNavigationController.m */,
				AFFCC5181C42ADA10087F02F /* LPATRootViewController.h */,
				AFFCC5191C42ADA10087F02F /* LPATRootViewController.m */,
				AFC4CA611C3E2AC7007FB460 /* LPATRootNavigationController.h */,
				AFC4CA621C3E2AC7007FB460 /* LPATRootNavigationController.m */,
				AF7B6CA81C2AB29C00EAC088 /* LPAssistiveTouch.h */,
				AF7B6CA91C2AB29C00EAC088 /* LPAssistiveTouch.m */,
			);
			path = LPAssistiveTouch;
			sourceTree = "<group>";
		};
		AFCA564B1C964F5100AE5F18 /* Images */ = {
			isa = PBXGroup;
			children = (
				AFCA564C1C964F5100AE5F18 /* APNS.png */,
				AFCA564D1C964F5100AE5F18 /* NSLog.png */,
				AFCA564E1C964F5100AE5F18 /* Transform.png */,
			);
			path = Images;
			sourceTree = "<group>";
		};
/* End PBXGroup section */

/* Begin PBXNativeTarget section */
		AF19687A1C2AAD5F00599D19 /* LPDebugDemo */ = {
			isa = PBXNativeTarget;
			buildConfigurationList = AF1968921C2AAD5F00599D19 /* Build configuration list for PBXNativeTarget "LPDebugDemo" */;
			buildPhases = (
				0C9A49EF555DFBC527FE0D7F /* Check Pods Manifest.lock */,
				AF1968771C2AAD5F00599D19 /* Sources */,
				AF1968781C2AAD5F00599D19 /* Frameworks */,
				AF1968791C2AAD5F00599D19 /* Resources */,
				76B235E95AF5538DE448E727 /* Copy Pods Resources */,
			);
			buildRules = (
			);
			dependencies = (
			);
			name = LPDebugDemo;
			productName = LPDebugDemo;
			productReference = AF19687B1C2AAD5F00599D19 /* LPDebugDemo.app */;
			productType = "com.apple.product-type.application";
		};
/* End PBXNativeTarget section */

/* Begin PBXProject section */
		AF1968731C2AAD5F00599D19 /* Project object */ = {
			isa = PBXProject;
			attributes = {
				LastUpgradeCheck = 0720;
				ORGANIZATIONNAME = loopeer;
				TargetAttributes = {
					AF19687A1C2AAD5F00599D19 = {
						CreatedOnToolsVersion = 7.2;
						DevelopmentTeam = RR838T8FGP;
					};
				};
			};
			buildConfigurationList = AF1968761C2AAD5F00599D19 /* Build configuration list for PBXProject "LPDebugDemo" */;
			compatibilityVersion = "Xcode 3.2";
			developmentRegion = English;
			hasScannedForEncodings = 0;
			knownRegions = (
				en,
				Base,
			);
			mainGroup = AF1968721C2AAD5F00599D19;
			productRefGroup = AF19687C1C2AAD5F00599D19 /* Products */;
			projectDirPath = "";
			projectRoot = "";
			targets = (
				AF19687A1C2AAD5F00599D19 /* LPDebugDemo */,
			);
		};
/* End PBXProject section */

/* Begin PBXResourcesBuildPhase section */
		AF1968791C2AAD5F00599D19 /* Resources */ = {
			isa = PBXResourcesBuildPhase;
			buildActionMask = 2147483647;
			files = (
				AFCA56511C964F5100AE5F18 /* Transform.png in Resources */,
				AF19688B1C2AAD5F00599D19 /* Assets.xcassets in Resources */,
				AFCA564F1C964F5100AE5F18 /* APNS.png in Resources */,
				AFCA56501C964F5100AE5F18 /* NSLog.png in Resources */,
			);
			runOnlyForDeploymentPostprocessing = 0;
		};
/* End PBXResourcesBuildPhase section */

/* Begin PBXShellScriptBuildPhase section */
		0C9A49EF555DFBC527FE0D7F /* Check Pods Manifest.lock */ = {
			isa = PBXShellScriptBuildPhase;
			buildActionMask = 2147483647;
			files = (
			);
			inputPaths = (
			);
			name = "Check Pods Manifest.lock";
			outputPaths = (
			);
			runOnlyForDeploymentPostprocessing = 0;
			shellPath = /bin/sh;
			shellScript = "diff \"${PODS_ROOT}/../Podfile.lock\" \"${PODS_ROOT}/Manifest.lock\" > /dev/null\nif [[ $? != 0 ]] ; then\n    cat << EOM\nerror: The sandbox is not in sync with the Podfile.lock. Run 'pod install' or update your CocoaPods installation.\nEOM\n    exit 1\nfi\n";
			showEnvVarsInLog = 0;
		};
		76B235E95AF5538DE448E727 /* Copy Pods Resources */ = {
			isa = PBXShellScriptBuildPhase;
			buildActionMask = 2147483647;
			files = (
			);
			inputPaths = (
			);
			name = "Copy Pods Resources";
			outputPaths = (
			);
			runOnlyForDeploymentPostprocessing = 0;
			shellPath = /bin/sh;
			shellScript = "\"${SRCROOT}/Pods/Target Support Files/Pods-LPDebugDemo/Pods-LPDebugDemo-resources.sh\"\n";
			showEnvVarsInLog = 0;
		};
/* End PBXShellScriptBuildPhase section */

/* Begin PBXSourcesBuildPhase section */
		AF1968771C2AAD5F00599D19 /* Sources */ = {
			isa = PBXSourcesBuildPhase;
			buildActionMask = 2147483647;
			files = (
				AFC4CA631C3E2AC7007FB460 /* LPATRootNavigationController.m in Sources */,
				AF0C0E011C98F36A002CFF28 /* LPTransformViewController.m in Sources */,
				AFFCC5141C4242940087F02F /* LPATItemView.m in Sources */,
				AFFF7BFC1C97904D00AC618D /* LPDebug.m in Sources */,
				AFFCC5171C4242940087F02F /* LPATViewController.m in Sources */,
				AFFCC5151C4242940087F02F /* LPATNavigationController.m in Sources */,
				AFFCC51A1C42ADA10087F02F /* LPATRootViewController.m in Sources */,
				AF1968861C2AAD5F00599D19 /* ViewController.m in Sources */,
				AF1968831C2AAD5F00599D19 /* AppDelegate.m in Sources */,
				AF1968801C2AAD5F00599D19 /* main.m in Sources */,
				AFFCC5161C4242940087F02F /* LPATPosition.m in Sources */,
				AF7B6CAE1C2AB29C00EAC088 /* LPAssistiveTouch.m in Sources */,
			);
			runOnlyForDeploymentPostprocessing = 0;
		};
/* End PBXSourcesBuildPhase section */

/* Begin XCBuildConfiguration section */
		AF1968901C2AAD5F00599D19 /* Debug */ = {
			isa = XCBuildConfiguration;
			buildSettings = {
				ALWAYS_SEARCH_USER_PATHS = NO;
				CLANG_CXX_LANGUAGE_STANDARD = "gnu++0x";
				CLANG_CXX_LIBRARY = "libc++";
				CLANG_ENABLE_MODULES = YES;
				CLANG_ENABLE_OBJC_ARC = YES;
				CLANG_WARN_BOOL_CONVERSION = YES;
				CLANG_WARN_CONSTANT_CONVERSION = YES;
				CLANG_WARN_DIRECT_OBJC_ISA_USAGE = YES_ERROR;
				CLANG_WARN_EMPTY_BODY = YES;
				CLANG_WARN_ENUM_CONVERSION = YES;
				CLANG_WARN_INT_CONVERSION = YES;
				CLANG_WARN_OBJC_ROOT_CLASS = YES_ERROR;
				CLANG_WARN_UNREACHABLE_CODE = YES;
				CLANG_WARN__DUPLICATE_METHOD_MATCH = YES;
				"CODE_SIGN_IDENTITY[sdk=iphoneos*]" = "iPhone Developer";
				COPY_PHASE_STRIP = NO;
				DEBUG_INFORMATION_FORMAT = dwarf;
				ENABLE_STRICT_OBJC_MSGSEND = YES;
				ENABLE_TESTABILITY = YES;
				GCC_C_LANGUAGE_STANDARD = gnu99;
				GCC_DYNAMIC_NO_PIC = NO;
				GCC_NO_COMMON_BLOCKS = YES;
				GCC_OPTIMIZATION_LEVEL = 0;
				GCC_PREPROCESSOR_DEFINITIONS = (
					"DEBUG=1",
					"$(inherited)",
				);
				GCC_WARN_64_TO_32_BIT_CONVERSION = YES;
				GCC_WARN_ABOUT_RETURN_TYPE = YES_ERROR;
				GCC_WARN_UNDECLARED_SELECTOR = YES;
				GCC_WARN_UNINITIALIZED_AUTOS = YES_AGGRESSIVE;
				GCC_WARN_UNUSED_FUNCTION = YES;
				GCC_WARN_UNUSED_VARIABLE = YES;
				IPHONEOS_DEPLOYMENT_TARGET = 9.2;
				MTL_ENABLE_DEBUG_INFO = YES;
				ONLY_ACTIVE_ARCH = YES;
				SDKROOT = iphoneos;
			};
			name = Debug;
		};
		AF1968911C2AAD5F00599D19 /* Release */ = {
			isa = XCBuildConfiguration;
			buildSettings = {
				ALWAYS_SEARCH_USER_PATHS = NO;
				CLANG_CXX_LANGUAGE_STANDARD = "gnu++0x";
				CLANG_CXX_LIBRARY = "libc++";
				CLANG_ENABLE_MODULES = YES;
				CLANG_ENABLE_OBJC_ARC = YES;
				CLANG_WARN_BOOL_CONVERSION = YES;
				CLANG_WARN_CONSTANT_CONVERSION = YES;
				CLANG_WARN_DIRECT_OBJC_ISA_USAGE = YES_ERROR;
				CLANG_WARN_EMPTY_BODY = YES;
				CLANG_WARN_ENUM_CONVERSION = YES;
				CLANG_WARN_INT_CONVERSION = YES;
				CLANG_WARN_OBJC_ROOT_CLASS = YES_ERROR;
				CLANG_WARN_UNREACHABLE_CODE = YES;
				CLANG_WARN__DUPLICATE_METHOD_MATCH = YES;
				"CODE_SIGN_IDENTITY[sdk=iphoneos*]" = "iPhone Developer";
				COPY_PHASE_STRIP = NO;
				DEBUG_INFORMATION_FORMAT = "dwarf-with-dsym";
				ENABLE_NS_ASSERTIONS = NO;
				ENABLE_STRICT_OBJC_MSGSEND = YES;
				GCC_C_LANGUAGE_STANDARD = gnu99;
				GCC_NO_COMMON_BLOCKS = YES;
				GCC_WARN_64_TO_32_BIT_CONVERSION = YES;
				GCC_WARN_ABOUT_RETURN_TYPE = YES_ERROR;
				GCC_WARN_UNDECLARED_SELECTOR = YES;
				GCC_WARN_UNINITIALIZED_AUTOS = YES_AGGRESSIVE;
				GCC_WARN_UNUSED_FUNCTION = YES;
				GCC_WARN_UNUSED_VARIABLE = YES;
				IPHONEOS_DEPLOYMENT_TARGET = 9.2;
				MTL_ENABLE_DEBUG_INFO = NO;
				SDKROOT = iphoneos;
				VALIDATE_PRODUCT = YES;
			};
			name = Release;
		};
		AF1968931C2AAD5F00599D19 /* Debug */ = {
			isa = XCBuildConfiguration;
			baseConfigurationReference = 0B5A8585BC64F3AFA36F0FF5 /* Pods-LPDebugDemo.debug.xcconfig */;
			buildSettings = {
				ASSETCATALOG_COMPILER_APPICON_NAME = AppIcon;
				ASSETCATALOG_COMPILER_LAUNCHIMAGE_NAME = "Brand Assets";
				CODE_SIGN_IDENTITY = "iPhone Developer";
				INFOPLIST_FILE = LPDebugDemo/Info.plist;
				IPHONEOS_DEPLOYMENT_TARGET = 8.0;
				LD_RUNPATH_SEARCH_PATHS = "$(inherited) @executable_path/Frameworks";
				PRODUCT_BUNDLE_IDENTIFIER = com.loopeer.LPDebugDemo;
				PRODUCT_NAME = "$(TARGET_NAME)";
			};
			name = Debug;
		};
		AF1968941C2AAD5F00599D19 /* Release */ = {
			isa = XCBuildConfiguration;
			baseConfigurationReference = 2BC9E8A8F7660B0963F50701 /* Pods-LPDebugDemo.release.xcconfig */;
			buildSettings = {
				ASSETCATALOG_COMPILER_APPICON_NAME = AppIcon;
				ASSETCATALOG_COMPILER_LAUNCHIMAGE_NAME = "Brand Assets";
				CODE_SIGN_IDENTITY = "iPhone Developer";
				INFOPLIST_FILE = LPDebugDemo/Info.plist;
				IPHONEOS_DEPLOYMENT_TARGET = 8.0;
				LD_RUNPATH_SEARCH_PATHS = "$(inherited) @executable_path/Frameworks";
				PRODUCT_BUNDLE_IDENTIFIER = com.loopeer.LPDebugDemo;
				PRODUCT_NAME = "$(TARGET_NAME)";
			};
			name = Release;
		};
/* End XCBuildConfiguration section */

/* Begin XCConfigurationList section */
		AF1968761C2AAD5F00599D19 /* Build configuration list for PBXProject "LPDebugDemo" */ = {
			isa = XCConfigurationList;
			buildConfigurations = (
				AF1968901C2AAD5F00599D19 /* Debug */,
				AF1968911C2AAD5F00599D19 /* Release */,
			);
			defaultConfigurationIsVisible = 0;
			defaultConfigurationName = Release;
		};
		AF1968921C2AAD5F00599D19 /* Build configuration list for PBXNativeTarget "LPDebugDemo" */ = {
			isa = XCConfigurationList;
			buildConfigurations = (
				AF1968931C2AAD5F00599D19 /* Debug */,
				AF1968941C2AAD5F00599D19 /* Release */,
			);
			defaultConfigurationIsVisible = 0;
			defaultConfigurationName = Release;
		};
/* End XCConfigurationList section */
	};
	rootObject = AF1968731C2AAD5F00599D19 /* Project object */;
}
